
Microsoft Visual Studio Solution File, Format Version 12.00
# Visual Studio Version 17
VisualStudioVersion = 17.12.35728.132 d17.12
MinimumVisualStudioVersion = 10.0.40219.1
Project("{FAE04EC0-301F-11D3-BF4B-00C04F79EFBC}") = "WpfApp3", "WpfApp3\WpfApp3.csproj", "{F54B0106-DD57-4AAE-98F8-B7ED51FEE51B}"
EndProject
Global
	GlobalSection(SolutionConfigurationPlatforms) = preSolution
		Debug|Any CPU = Debug|Any CPU
		Release|Any CPU = Release|Any CPU
	EndGlobalSection
	GlobalSection(ProjectConfigurationPlatforms) = postSolution
		{F54B0106-DD57-4AAE-98F8-B7ED51FEE51B}.Debug|Any CPU.ActiveCfg = Debug|Any CPU
		{F54B0106-DD57-4AAE-98F8-B7ED51FEE51B}.Debug|Any CPU.Build.0 = Debug|Any CPU
		{F54B0106-DD57-4AAE-98F8-B7ED51FEE51B}.Release|Any CPU.ActiveCfg = Release|Any CPU
		{F54B0106-DD57-4AAE-98F8-B7ED51FEE51B}.Release|Any CPU.Build.0 = Release|Any CPU
	EndGlobalSection
	GlobalSection(SolutionProperties) = preSolution
		HideSolutionNode = FALSE
	EndGlobalSection
EndGlobal
